// !$*UTF8*$!
{
	archiveVersion = 1;
	classes = {
	};
	objectVersion = 50;
	objects = {

/* Begin PBXBuildFile section */
		B504000A24D91F49005A84F3 /* AppDelegate.swift in Sources */ = {isa = PBXBuildFile; fileRef = B504000924D91F49005A84F3 /* AppDelegate.swift */; };
		B504000C24D91F49005A84F3 /* SceneDelegate.swift in Sources */ = {isa = PBXBuildFile; fileRef = B504000B24D91F49005A84F3 /* SceneDelegate.swift */; };
		B504000E24D91F49005A84F3 /* ViewController.swift in Sources */ = {isa = PBXBuildFile; fileRef = B504000D24D91F49005A84F3 /* ViewController.swift */; };
		B504001124D91F49005A84F3 /* Main.storyboard in Resources */ = {isa = PBXBuildFile; fileRef = B504000F24D91F49005A84F3 /* Main.storyboard */; };
		B504001324D91F4D005A84F3 /* Assets.xcassets in Resources */ = {isa = PBXBuildFile; fileRef = B504001224D91F4D005A84F3 /* Assets.xcassets */; };
		B504001624D91F4D005A84F3 /* LaunchScreen.storyboard in Resources */ = {isa = PBXBuildFile; fileRef = B504001424D91F4D005A84F3 /* LaunchScreen.storyboard */; };
/* End PBXBuildFile section */

/* Begin PBXFileReference section */
		B504000624D91F49005A84F3 /* FacebookLikeReactions.app */ = {isa = PBXFileReference; explicitFileType = wrapper.application; includeInIndex = 0; path = FacebookLikeReactions.app; sourceTree = BUILT_PRODUCTS_DIR; };
		B504000924D91F49005A84F3 /* AppDelegate.swift */ = {isa = PBXFileReference; lastKnownFileType = sourcecode.swift; path = AppDelegate.swift; sourceTree = "<group>"; };
		B504000B24D91F49005A84F3 /* SceneDelegate.swift */ = {isa = PBXFileReference; lastKnownFileType = sourcecode.swift; path = SceneDelegate.swift; sourceTree = "<group>"; };
		B504000D24D91F49005A84F3 /* ViewController.swift */ = {isa = PBXFileReference; lastKnownFileType = sourcecode.swift; path = ViewController.swift; sourceTree = "<group>"; };
		B504001024D91F49005A84F3 /* Base */ = {isa = PBXFileReference; lastKnownFileType = file.storyboard; name = Base; path = Base.lproj/Main.storyboard; sourceTree = "<group>"; };
		B504001224D91F4D005A84F3 /* Assets.xcassets */ = {isa = PBXFileReference; lastKnownFileType = folder.assetcatalog; path = Assets.xcassets; sourceTree = "<group>"; };
		B504001524D91F4D005A84F3 /* Base */ = {isa = PBXFileReference; lastKnownFileType = file.storyboard; name = Base; path = Base.lproj/LaunchScreen.storyboard; sourceTree = "<group>"; };
		B504001724D91F4D005A84F3 /* Info.plist */ = {isa = PBXFileReference; lastKnownFileType = text.plist.xml; path = Info.plist; sourceTree = "<group>"; };
/* End PBXFileReference section */

/* Begin PBXFrameworksBuildPhase section */
		B504000324D91F49005A84F3 /* Frameworks */ = {
			isa = PBXFrameworksBuildPhase;
			buildActionMask = 2147483647;
			files = (
			);
			runOnlyForDeploymentPostprocessing = 0;
		};
/* End PBXFrameworksBuildPhase section */

/* Begin PBXGroup section */
		B504000724D91F49005A84F3 /* Products */ = {
			isa = PBXGroup;
			children = (
				B504000624D91F49005A84F3 /* FacebookLikeReactions.app */,
			);
			name = Products;
			sourceTree = "<group>";
		};
		B504000824D91F49005A84F3 /* FacebookLikeReactions */ = {
			isa = PBXGroup;
			children = (
				B504000924D91F49005A84F3 /* AppDelegate.swift */,
				B504000B24D91F49005A84F3 /* SceneDelegate.swift */,
				B504000D24D91F49005A84F3 /* ViewController.swift */,
				B504000F24D91F49005A84F3 /* Main.storyboard */,
				B504001224D91F4D005A84F3 /* Assets.xcassets */,
				B504001424D91F4D005A84F3 /* LaunchScreen.storyboard */,
				B504001724D91F4D005A84F3 /* Info.plist */,
			);
			path = FacebookLikeReactions;
			sourceTree = "<group>";
		};
		B504FFFD24D91F49005A84F3 = {
			isa = PBXGroup;
			children = (
				B504000824D91F49005A84F3 /* FacebookLikeReactions */,
				B504000724D91F49005A84F3 /* Products */,
			);
			sourceTree = "<group>";
		};
/* End PBXGroup section */

/* Begin PBXNativeTarget section */
		B504000524D91F49005A84F3 /* FacebookLikeReactions */ = {
			isa = PBXNativeTarget;
			buildConfigurationList = B504001A24D91F4D005A84F3 /* Build configuration list for PBXNativeTarget "FacebookLikeReactions" */;
			buildPhases = (
				B504000224D91F49005A84F3 /* Sources */,
				B504000324D91F49005A84F3 /* Frameworks */,
				B504000424D91F49005A84F3 /* Resources */,
			);
			buildRules = (
			);
			dependencies = (
			);
			name = FacebookLikeReactions;
			productName = FacebookLikeReactions;
			productReference = B504000624D91F49005A84F3 /* FacebookLikeReactions.app */;
			productType = "com.apple.product-type.application";
		};
/* End PBXNativeTarget section */

/* Begin PBXProject section */
		B504FFFE24D91F49005A84F3 /* Project object */ = {
			isa = PBXProject;
			attributes = {
				LastSwiftUpdateCheck = 1160;
				LastUpgradeCheck = 1160;
				ORGANIZATIONNAME = Shivani;
				TargetAttributes = {
					B504000524D91F49005A84F3 = {
						CreatedOnToolsVersion = 11.6;
					};
				};
			};
			buildConfigurationList = B504000124D91F49005A84F3 /* Build configuration list for PBXProject "FacebookLikeReactions" */;
			compatibilityVersion = "Xcode 9.3";
			developmentRegion = en;
			hasScannedForEncodings = 0;
			knownRegions = (
				en,
				Base,
			);
			mainGroup = B504FFFD24D91F49005A84F3;
			productRefGroup = B504000724D91F49005A84F3 /* Products */;
			projectDirPath = "";
			projectRoot = "";
			targets = (
				B504000524D91F49005A84F3 /* FacebookLikeReactions */,
			);
		};
/* End PBXProject section */

/* Begin PBXResourcesBuildPhase section */
		B504000424D91F49005A84F3 /* Resources */ = {
			isa = PBXResourcesBuildPhase;
			buildActionMask = 2147483647;
			files = (
				B504001624D91F4D005A84F3 /* LaunchScreen.storyboard in Resources */,
				B504001324D91F4D005A84F3 /* Assets.xcassets in Resources */,
				B504001124D91F49005A84F3 /* Main.storyboard in Resources */,
			);
			runOnlyForDeploymentPostprocessing = 0;
		};
/* End PBXResourcesBuildPhase section */

/* Begin PBXSourcesBuildPhase section */
		B504000224D91F49005A84F3 /* Sources */ = {
			isa = PBXSourcesBuildPhase;
			buildActionMask = 2147483647;
			files = (
				B504000E24D91F49005A84F3 /* ViewController.swift in Sources */,
				B504000A24D91F49005A84F3 /* AppDelegate.swift in Sources */,
				B504000C24D91F49005A84F3 /* SceneDelegate.swift in Sources */,
			);
			runOnlyForDeploymentPostprocessing = 0;
		};
/* End PBXSourcesBuildPhase section */

/* Begin PBXVariantGroup section */
		B504000F24D91F49005A84F3 /* Main.storyboard */ = {
			isa = PBXVariantGroup;
			children = (
				B504001024D91F49005A84F3 /* Base */,
			);
			name = Main.storyboard;
			sourceTree = "<group>";
		};
		B504001424D91F4D005A84F3 /* LaunchScreen.storyboard */ = {
			isa = PBXVariantGroup;
			children = (
				B504001524D91F4D005A84F3 /* Base */,
			);
			name = LaunchScreen.storyboard;
			sourceTree = "<group>";
		};
/* End PBXVariantGroup section */

/* Begin XCBuildConfiguration section */
		B504001824D91F4D005A84F3 /* Debug */ = {
			isa = XCBuildConfiguration;
			buildSettings = {
				ALWAYS_SEARCH_USER_PATHS = NO;
				CLANG_ANALYZER_NONNULL = YES;
				CLANG_ANALYZER_NUMBER_OBJECT_CONVERSION = YES_AGGRESSIVE;
				CLANG_CXX_LANGUAGE_STANDARD = "gnu++14";
				CLANG_CXX_LIBRARY = "libc++";
				CLANG_ENABLE_MODULES = YES;
				CLANG_ENABLE_OBJC_ARC = YES;
				CLANG_ENABLE_OBJC_WEAK = YES;
				CLANG_WARN_BLOCK_CAPTURE_AUTORELEASING = YES;
				CLANG_WARN_BOOL_CONVERSION = YES;
				CLANG_WARN_COMMA = YES;
				CLANG_WARN_CONSTANT_CONVERSION = YES;
				CLANG_WARN_DEPRECATED_OBJC_IMPLEMENTATIONS = YES;
				CLANG_WARN_DIRECT_OBJC_ISA_USAGE = YES_ERROR;
				CLANG_WARN_DOCUMENTATION_COMMENTS = YES;
				CLANG_WARN_EMPTY_BODY = YES;
				CLANG_WARN_ENUM_CONVERSION = YES;
				CLANG_WARN_INFINITE_RECURSION = YES;
				CLANG_WARN_INT_CONVERSION = YES;
				CLANG_WARN_NON_LITERAL_NULL_CONVERSION = YES;
				CLANG_WARN_OBJC_IMPLICIT_RETAIN_SELF = YES;
				CLANG_WARN_OBJC_LITERAL_CONVERSION = YES;
				CLANG_WARN_OBJC_ROOT_CLASS = YES_ERROR;
				CLANG_WARN_RANGE_LOOP_ANALYSIS = YES;
				CLANG_WARN_STRICT_PROTOTYPES = YES;
				CLANG_WARN_SUSPICIOUS_MOVE = YES;
				CLANG_WARN_UNGUARDED_AVAILABILITY = YES_AGGRESSIVE;
				CLANG_WARN_UNREACHABLE_CODE = YES;
				CLANG_WARN__DUPLICATE_METHOD_MATCH = YES;
				COPY_PHASE_STRIP = NO;
				DEBUG_INFORMATION_FORMAT = dwarf;
				ENABLE_STRICT_OBJC_MSGSEND = YES;
				ENABLE_TESTABILITY = YES;
				GCC_C_LANGUAGE_STANDARD = gnu11;
				GCC_DYNAMIC_NO_PIC = NO;
				GCC_NO_COMMON_BLOCKS = YES;
				GCC_OPTIMIZATION_LEVEL = 0;
				GCC_PREPROCESSOR_DEFINITIONS = (
					"DEBUG=1",
					"$(inherited)",
				);
				GCC_WARN_64_TO_32_BIT_CONVERSION = YES;
				GCC_WARN_ABOUT_RETURN_TYPE = YES_ERROR;
				GCC_WARN_UNDECLARED_SELECTOR = YES;
				GCC_WARN_UNINITIALIZED_AUTOS = YES_AGGRESSIVE;
				GCC_WARN_UNUSED_FUNCTION = YES;
				GCC_WARN_UNUSED_VARIABLE = YES;
				IPHONEOS_DEPLOYMENT_TARGET = 13.6;
				MTL_ENABLE_DEBUG_INFO = INCLUDE_SOURCE;
				MTL_FAST_MATH = YES;
				ONLY_ACTIVE_ARCH = YES;
				SDKROOT = iphoneos;
				SWIFT_ACTIVE_COMPILATION_CONDITIONS = DEBUG;
				SWIFT_OPTIMIZATION_LEVEL = "-Onone";
			};
			name = Debug;
		};
		B504001924D91F4D005A84F3 /* Release */ = {
			isa = XCBuildConfiguration;
			buildSettings = {
				ALWAYS_SEARCH_USER_PATHS = NO;
				CLANG_ANALYZER_NONNULL = YES;
				CLANG_ANALYZER_NUMBER_OBJECT_CONVERSION = YES_AGGRESSIVE;
				CLANG_CXX_LANGUAGE_STANDARD = "gnu++14";
				CLANG_CXX_LIBRARY = "libc++";
				CLANG_ENABLE_MODULES = YES;
				CLANG_ENABLE_OBJC_ARC = YES;
				CLANG_ENABLE_OBJC_WEAK = YES;
				CLANG_WARN_BLOCK_CAPTURE_AUTORELEASING = YES;
				CLANG_WARN_BOOL_CONVERSION = YES;
				CLANG_WARN_COMMA = YES;
				CLANG_WARN_CONSTANT_CONVERSION = YES;
				CLANG_WARN_DEPRECATED_OBJC_IMPLEMENTATIONS = YES;
				CLANG_WARN_DIRECT_OBJC_ISA_USAGE = YES_ERROR;
				CLANG_WARN_DOCUMENTATION_COMMENTS = YES;
				CLANG_WARN_EMPTY_BODY = YES;
				CLANG_WARN_ENUM_CONVERSION = YES;
				CLANG_WARN_INFINITE_RECURSION = YES;
				CLANG_WARN_INT_CONVERSION = YES;
				CLANG_WARN_NON_LITERAL_NULL_CONVERSION = YES;
				CLANG_WARN_OBJC_IMPLICIT_RETAIN_SELF = YES;
				CLANG_WARN_OBJC_LITERAL_CONVERSION = YES;
				CLANG_WARN_OBJC_ROOT_CLASS = YES_ERROR;
				CLANG_WARN_RANGE_LOOP_ANALYSIS = YES;
				CLANG_WARN_STRICT_PROTOTYPES = YES;
				CLANG_WARN_SUSPICIOUS_MOVE = YES;
				CLANG_WARN_UNGUARDED_AVAILABILITY = YES_AGGRESSIVE;
				CLANG_WARN_UNREACHABLE_CODE = YES;
				CLANG_WARN__DUPLICATE_METHOD_MATCH = YES;
				COPY_PHASE_STRIP = NO;
				DEBUG_INFORMATION_FORMAT = "dwarf-with-dsym";
				ENABLE_NS_ASSERTIONS = NO;
				ENABLE_STRICT_OBJC_MSGSEND = YES;
				GCC_C_LANGUAGE_STANDARD = gnu11;
				GCC_NO_COMMON_BLOCKS = YES;
				GCC_WARN_64_TO_32_BIT_CONVERSION = YES;
				GCC_WARN_ABOUT_RETURN_TYPE = YES_ERROR;
				GCC_WARN_UNDECLARED_SELECTOR = YES;
				GCC_WARN_UNINITIALIZED_AUTOS = YES_AGGRESSIVE;
				GCC_WARN_UNUSED_FUNCTION = YES;
				GCC_WARN_UNUSED_VARIABLE = YES;
				IPHONEOS_DEPLOYMENT_TARGET = 13.6;
				MTL_ENABLE_DEBUG_INFO = NO;
				MTL_FAST_MATH = YES;
				SDKROOT = iphoneos;
				SWIFT_COMPILATION_MODE = wholemodule;
				SWIFT_OPTIMIZATION_LEVEL = "-O";
				VALIDATE_PRODUCT = YES;
			};
			name = Release;
		};
		B504001B24D91F4D005A84F3 /* Debug */ = {
			isa = XCBuildConfiguration;
			buildSettings = {
				ASSETCATALOG_COMPILER_APPICON_NAME = AppIcon;
				CODE_SIGN_STYLE = Automatic;
				INFOPLIST_FILE = FacebookLikeReactions/Info.plist;
				LD_RUNPATH_SEARCH_PATHS = (
					"$(inherited)",
					"@executable_path/Frameworks",
				);
				PRODUCT_BUNDLE_IDENTIFIER = bajaj.FacebookLikeReactions;
				PRODUCT_NAME = "$(TARGET_NAME)";
				SWIFT_VERSION = 5.0;
				TARGETED_DEVICE_FAMILY = "1,2";
			};
			name = Debug;
		};
		B504001C24D91F4D005A84F3 /* Release */ = {
			isa = XCBuildConfiguration;
			buildSettings = {
				ASSETCATALOG_COMPILER_APPICON_NAME = AppIcon;
				CODE_SIGN_STYLE = Automatic;
				INFOPLIST_FILE = FacebookLikeReactions/Info.plist;
				LD_RUNPATH_SEARCH_PATHS = (
					"$(inherited)",
					"@executable_path/Frameworks",
				);
				PRODUCT_BUNDLE_IDENTIFIER = bajaj.FacebookLikeReactions;
				PRODUCT_NAME = "$(TARGET_NAME)";
				SWIFT_VERSION = 5.0;
				TARGETED_DEVICE_FAMILY = "1,2";
			};
			name = Release;
		};
/* End XCBuildConfiguration section */

/* Begin XCConfigurationList section */
		B504000124D91F49005A84F3 /* Build configuration list for PBXProject "FacebookLikeReactions" */ = {
			isa = XCConfigurationList;
			buildConfigurations = (
				B504001824D91F4D005A84F3 /* Debug */,
				B504001924D91F4D005A84F3 /* Release */,
			);
			defaultConfigurationIsVisible = 0;
			defaultConfigurationName = Release;
		};
		B504001A24D91F4D005A84F3 /* Build configuration list for PBXNativeTarget "FacebookLikeReactions" */ = {
			isa = XCConfigurationList;
			buildConfigurations = (
				B504001B24D91F4D005A84F3 /* Debug */,
				B504001C24D91F4D005A84F3 /* Release */,
			);
			defaultConfigurationIsVisible = 0;
			defaultConfigurationName = Release;
		};
/* End XCConfigurationList section */
	};
	rootObject = B504FFFE24D91F49005A84F3 /* Project object */;
}
